<Solution>
  <Folder Name="/app/">
    <Project Path="09_app_sdk/Sdk.csproj" />
    <Project Path="09_app_cli/JoinCode.csproj" />
    <Project Path="08_pipelines/src/Pipelines.csproj" />
  </Folder>
  <Folder Name="/tests/Unit/">
    <Project Path="tests/unit/host.tests/Host.Tests.csproj" />
    <Project Path="tests/unit/tui.tests/Tui.Tests.csproj" />
    <Project Path="tests/unit/infra.tests/io/Infra.IO.Tests.csproj" />
    <Project Path="tests/unit/infra.tests/utils/Infra.Utils.Tests.csproj" />
    <Project Path="tests/unit/infra.tests/services/Infra.Services.Tests.csproj" />
    <Project Path="tests/unit/testing.common/Testing.Common.csproj" />
  </Folder>
  <Folder Name="/tests/Integration/">
    <Project Path="tests/integration/integration.tests/Integration.Tests.csproj" />
  </Folder>
  <Folder Name="/tests/MockServers/">
    <Project Path="tests/mock_servers/mock_server.core/MockServer.Core.csproj" />
    <Project Path="tests/mock_servers/mock_server.core.tests/MockServer.Core.Tests.csproj" />
    <Project Path="tests/mock_servers/open_ai.mock_server/OpenAI.MockServer.csproj" />
    <Project Path="tests/mock_servers/mock_server.e2e.tests/MockServer.E2E.Tests.csproj" />
    <Project Path="tests/mock_servers/sync.integration.tests/Sync.Integration.Tests.csproj" />
    <Project Path="tests/mock_servers/anthropic.mock_server/Anthropic.MockServer.csproj" />
    <Project Path="tests/mock_servers/deep_seek.mock_server/DeepSeek.MockServer.csproj" />
    <Project Path="tests/mock_servers/responses.mock_server/Responses.MockServer.csproj" />
    <Project Path="tests/mock_servers/mcp.mock_server/Mcp.MockServer.csproj" />
  </Folder>
  <Folder Name="/01_shared/">
    <Project Path="01_shared/shared_abstractions/Abstractions.csproj" />
    <Project Path="01_shared/shared_structura/Structura.csproj" />
    <Project Path="01_shared/shared_transport_contracts/Transport.Contracts.csproj" />
  </Folder>
  <Folder Name="/infrastructure/">
    <Project Path="01_shared/shared_infrastructure/Infrastructure.csproj" />
    <Project Path="01_shared/shared_transport_impl/Transport.Impl.csproj" />
  </Folder>
</Solution>
