<Solution>
  <Folder Name="/app/">
    <Project Path="app/Sdk/Sdk.csproj" />
    <Project Path="app/JoinCode/JoinCode.csproj" />
    <Project Path="app/JoinCodeTui/JoinCodeTui.csproj" />
    <Project Path="composition/Pipelines/src/Pipelines.csproj" />
  </Folder>
  <Folder Name="/tests/Unit/">
    <Project Path="tests/Unit/Host.Tests/Host.Tests.csproj" />
    <Project Path="tests/Unit/Infra.Tests/IO/Infra.IO.Tests.csproj" />
    <Project Path="tests/Unit/Infra.Tests/Utils/Infra.Utils.Tests.csproj" />
    <Project Path="tests/Unit/Infra.Tests/Services/Infra.Services.Tests.csproj" />
    <Project Path="tests/Unit/Testing.Common/Testing.Common.csproj" />
  </Folder>
  <Folder Name="/tests/Integration/">
    <Project Path="tests/Integration/Integration.Tests/Integration.Tests.csproj" />
  </Folder>
  <Folder Name="/tests/MockServers/">
    <Project Path="tests/MockServers/MockServer.Core/MockServer.Core.csproj" />
    <Project Path="tests/MockServers/MockServer.Core.Tests/MockServer.Core.Tests.csproj" />
    <Project Path="tests/MockServers/OpenAI.MockServer/OpenAI.MockServer.csproj" />
    <Project Path="tests/MockServers/MockServer.E2E.Tests/MockServer.E2E.Tests.csproj" />
    <Project Path="tests/MockServers/Sync.Integration.Tests/Sync.Integration.Tests.csproj" />
    <Project Path="tests/MockServers/Anthropic.MockServer/Anthropic.MockServer.csproj" />
    <Project Path="tests/MockServers/DeepSeek.MockServer/DeepSeek.MockServer.csproj" />
    <Project Path="tests/MockServers/Mcp.MockServer/Mcp.MockServer.csproj" />
  </Folder>
  <Folder Name="/foundation/">
    <Project Path="foundation/Abstractions/Abstractions.csproj" />
    <Project Path="foundation/Structura/Structura.csproj" />
    <Project Path="foundation/Transport.Contracts/Transport.Contracts.csproj" />
  </Folder>
  <Folder Name="/infrastructure/">
    <Project Path="infrastructure/Infrastructure/Infrastructure.csproj" />
    <Project Path="infrastructure/Transport.Impl/Transport.Impl.csproj" />
  </Folder>
</Solution>
