<Solution>
  <Folder Name="/composition/">
    <Project Path="composition/Composition/src/Composition.csproj" />
    <Project Path="composition/Composition/tests/Unit/Composition.Tests.csproj" />
    <Project Path="01_shared/shared_clock/src/Clock.csproj" />
    <Project Path="01_shared/shared_clock/tests/Unit/Clock.Tests.csproj" />
    <Project Path="composition/Pipelines/src/Pipelines.csproj" />
  </Folder>
  <Folder Name="/01_shared/">
    <Project Path="01_shared/shared_abstractions/Abstractions.csproj" />
    <Project Path="01_shared/shared_structura/Structura.csproj" />
    <Project Path="01_shared/shared_transport_contracts/Transport.Contracts.csproj" />
  </Folder>
  <Folder Name="/infrastructure/">
    <Project Path="01_shared/shared_infrastructure/Infrastructure.csproj" />
    <Project Path="01_shared/shared_transport_impl/Transport.Impl.csproj" />
  </Folder>
</Solution>
