<Solution>
  <Folder Name="/01_shared/">
    <Project Path="01_shared/shared_abstractions/Abstractions.csproj" />
    <Project Path="01_shared/shared_async_lock/AsyncLock.csproj" />
    <Project Path="01_shared/shared_structura/Structura.csproj" />
    <Project Path="01_shared/shared_transport_contracts/Transport.Contracts.csproj" />
    <Project Path="01_shared/shared_plugins/Plugins.Contracts/Plugins.Contracts.csproj" />
    <Project Path="01_shared/shared_plugins/Plugins.Infrastructure/Plugins.Infrastructure.csproj" />
    <Project Path="01_shared/shared_plugins/Plugins.Tests/Plugins.Tests.csproj" />
  </Folder>
  <Folder Name="/01_shared/shared_async_lock/tests/" />
  <Folder Name="/01_shared/shared_async_lock/tests/Unit/">
    <Project Path="01_shared/shared_async_lock/tests/Unit/AsyncLock.Tests.csproj" />
  </Folder>
  <Folder Name="/01_shared/shared_structura/" />
  <Folder Name="/01_shared/shared_structura/tests/" />
  <Folder Name="/01_shared/shared_structura/tests/Unit/">
    <Project Path="01_shared/shared_structura/tests/Unit/Structura.Tests.csproj" />
  </Folder>
</Solution>
