<Solution>
  <Folder Name="/generators/" />
  <Folder Name="/generators/AotSafety.Generator/" />
  <Folder Name="/generators/AotSafety.Generator/src/">
    <Project Path="generators/AotSafety.Generator/src/AotSafety.Generator.csproj" />
  </Folder>
  <Folder Name="/generators/JccCodeFixes/" />
  <Folder Name="/generators/JccCodeFixes/src/">
    <Project Path="generators/JccCodeFixes/src/JccCodeFixes.csproj" />
  </Folder>
  <Folder Name="/generators/ConstructorInjection.Generator/" />
  <Folder Name="/generators/ConstructorInjection.Generator/src/">
    <Project Path="generators/ConstructorInjection.Generator/src/ConstructorInjection.Generator.csproj" />
  </Folder>
  <Folder Name="/generators/EnumMetadata.Generator/" />
  <Folder Name="/generators/EnumMetadata.Generator/src/">
    <Project Path="generators/EnumMetadata.Generator/src/EnumMetadata.Generator.csproj" />
  </Folder>
  <Folder Name="/generators/PromptTemplate.Generator/" />
  <Folder Name="/generators/PromptTemplate.Generator/src/">
    <Project Path="generators/PromptTemplate.Generator/src/PromptTemplate.Generator.csproj" />
  </Folder>
  <Folder Name="/generators/ToolPrompt.Generator/" />
  <Folder Name="/generators/ToolPrompt.Generator/src/">
    <Project Path="generators/ToolPrompt.Generator/src/ToolPrompt.Generator.csproj" />
  </Folder>
  <Folder Name="/sdk/">
    <Project Path="sdk/Abstractions/Abstractions.csproj" />
    <Project Path="sdk/Sdk/Sdk.csproj" />
  </Folder>
  <Folder Name="/src/">
    <Project Path="src/JoinCode/JoinCode.csproj" />
    <Project Path="src/Infrastructure/Infrastructure.csproj" />
    <Project Path="src/Structura/Structura.csproj" />
  </Folder>
  <Folder Name="/tests/Unit/">
    <Project Path="tests/Unit/Host.Tests/Host.Tests.csproj" />
    <Project Path="tests/Unit/Infra.Tests/Infra.Tests.csproj" />
    <Project Path="tests/Unit/Testing.Common/Testing.Common.csproj" />
  </Folder>
  <Folder Name="/tests/Integration/">
    <Project Path="tests/Integration/Integration.Tests/Integration.Tests.csproj" />
  </Folder>
  <Folder Name="/tests/MockServers/">
    <Project Path="tests/MockServers/MockServer.Core/MockServer.Core.csproj" />
    <Project Path="tests/MockServers/MockServer.Core.Tests/MockServer.Core.Tests.csproj" />
    <Project Path="tests/MockServers/OpenAI.MockServer/OpenAI.MockServer.csproj" />
    <Project Path="tests/MockServers/MockServer.E2E.Tests/MockServer.E2E.Tests.csproj" />
    <Project Path="tests/MockServers/Sync.Integration.Tests/Sync.Integration.Tests.csproj" />
    <Project Path="tests/MockServers/Anthropic.MockServer/Anthropic.MockServer.csproj" />
    <Project Path="tests/MockServers/DeepSeek.MockServer/DeepSeek.MockServer.csproj" />
    <Project Path="tests/MockServers/Mcp.MockServer/Mcp.MockServer.csproj" />
  </Folder>
</Solution>
