<Solution>
  <Folder Name="/services/">
    <Project Path="services/Mcp/src/Mcp.csproj" />
    <Project Path="services/Mcp/tests/Unit/Mcp.Tests.csproj" />
    <Project Path="services/Dream/src/Dream.csproj" />
    <Project Path="services/Dream/tests/Unit/Dream.Tests.csproj" />
    <Project Path="services/Eyes/src/Eyes.csproj" />
    <Project Path="services/Vision/src/Vision.csproj" />
    <Project Path="services/Vision/tests/Unit/Vision.Tests.csproj" />
    <Project Path="services/Eyes/tests/Unit/Eyes.Tests.csproj" />
    <Project Path="services/Bridge/src/Bridge.csproj" />
    <Project Path="services/Bridge/tests/Unit/Bridge.Tests.csproj" />
    <Project Path="services/SandboxSatellite/src/SandboxSatellite.csproj" />
    <Project Path="services/Update/src/Update.csproj" />
  </Folder>
  <Folder Name="/01_shared/">
    <Project Path="01_shared/shared_abstractions/Abstractions.csproj" />
    <Project Path="01_shared/shared_structura/Structura.csproj" />
    <Project Path="01_shared/shared_transport_contracts/Transport.Contracts.csproj" />
  </Folder>
  <Folder Name="/infrastructure/">
    <Project Path="01_shared/shared_infrastructure/Infrastructure.csproj" />
    <Project Path="01_shared/shared_transport_impl/Transport.Impl.csproj" />
  </Folder>
</Solution>
